
Microsoft Visual Studio Solution File, Format Version 12.00
# Visual Studio Version 17
VisualStudioVersion = 17.9.34616.47
MinimumVisualStudioVersion = 10.0.40219.1
Project("{FAE04EC0-301F-11D3-BF4B-00C04F79EFBC}") = "Lab07_NetCore", "Lab07_NetCore.csproj", "{1096A3D6-7BE6-4D5B-9856-6533324C8EC5}"
EndProject
Global
	GlobalSection(SolutionConfigurationPlatforms) = preSolution
		Debug|Any CPU = Debug|Any CPU
		Release|Any CPU = Release|Any CPU
	EndGlobalSection
	GlobalSection(ProjectConfigurationPlatforms) = postSolution
		{1096A3D6-7BE6-4D5B-9856-6533324C8EC5}.Debug|Any CPU.ActiveCfg = Debug|Any CPU
		{1096A3D6-7BE6-4D5B-9856-6533324C8EC5}.Debug|Any CPU.Build.0 = Debug|Any CPU
		{1096A3D6-7BE6-4D5B-9856-6533324C8EC5}.Release|Any CPU.ActiveCfg = Release|Any CPU
		{1096A3D6-7BE6-4D5B-9856-6533324C8EC5}.Release|Any CPU.Build.0 = Release|Any CPU
	EndGlobalSection
	GlobalSection(SolutionProperties) = preSolution
		HideSolutionNode = FALSE
	EndGlobalSection
	GlobalSection(ExtensibilityGlobals) = postSolution
		SolutionGuid = {EB7A343E-24C5-4F22-BF4A-587E40E8C3EF}
	EndGlobalSection
EndGlobal
